lockfileVersion: '9.0'

settings:
  autoInstallPeers: true
  excludeLinksFromLockfile: false

importers:

  .:
    dependencies:
      agent-browser:
        specifier: ^0.27.0
        version: 0.27.0

packages:

  agent-browser@0.27.0:
    resolution: {integrity: sha512-mmHzVsYFVA6nshNNGJzg83aVMgKpf4h98ytY3pvtJB1Cot0ZyA2bfnkbSngGD56Azkj+GlhVH6qx9DfKOVE0yg==}
    hasBin: true

snapshots:

  agent-browser@0.27.0: {}
