// !$*UTF8*$!
{
	archiveVersion = 1;
	classes = {
	};
	objectVersion = 56;
	objects = {

/* Begin PBXBuildFile section */
		5A1000012C3C000100000001 /* CallbackBoxApp.swift in Sources */ = {isa = PBXBuildFile; fileRef = 5A1000112C3C000100000001 /* CallbackBoxApp.swift */; };
		5A1000022C3C000100000001 /* PairedBox.swift in Sources */ = {isa = PBXBuildFile; fileRef = 5A1000122C3C000100000001 /* PairedBox.swift */; };
		5A1000032C3C000100000001 /* PairedBoxStore.swift in Sources */ = {isa = PBXBuildFile; fileRef = 5A1000132C3C000100000001 /* PairedBoxStore.swift */; };
		5A1000042C3C000100000001 /* RootView.swift in Sources */ = {isa = PBXBuildFile; fileRef = 5A1000142C3C000100000001 /* RootView.swift */; };
		5A1000052C3C000100000001 /* PairBoxView.swift in Sources */ = {isa = PBXBuildFile; fileRef = 5A1000152C3C000100000001 /* PairBoxView.swift */; };
		5A1000062C3C000100000001 /* ChatWebView.swift in Sources */ = {isa = PBXBuildFile; fileRef = 5A1000162C3C000100000001 /* ChatWebView.swift */; };
		B72000012C3C000100000001 /* NativeComposerContract.swift in Sources */ = {isa = PBXBuildFile; fileRef = B72000022C3C000100000001 /* NativeComposerContract.swift */; };
		B72000112C3C000100000001 /* ComposerDraft.swift in Sources */ = {isa = PBXBuildFile; fileRef = B72000122C3C000100000001 /* ComposerDraft.swift */; };
		B72000132C3C000100000001 /* ComposerDraftRepository.swift in Sources */ = {isa = PBXBuildFile; fileRef = B72000142C3C000100000001 /* ComposerDraftRepository.swift */; };
		B72000152C3C000100000001 /* ComposerDraftStore.swift in Sources */ = {isa = PBXBuildFile; fileRef = B72000162C3C000100000001 /* ComposerDraftStore.swift */; };
		B72000172C3C000100000001 /* ComposerDraftTests.swift in Sources */ = {isa = PBXBuildFile; fileRef = B72000182C3C000100000001 /* ComposerDraftTests.swift */; };
		5A1000072C3C000100000001 /* Assets.xcassets in Resources */ = {isa = PBXBuildFile; fileRef = 5A1000182C3C000100000001 /* Assets.xcassets */; };
		5A1000082C3C000100000001 /* ChatAPI.swift in Sources */ = {isa = PBXBuildFile; fileRef = 5A1000192C3C000100000001 /* ChatAPI.swift */; };
		5A1000092C3C000100000001 /* NativeComposerView.swift in Sources */ = {isa = PBXBuildFile; fileRef = 5A10001A2C3C000100000001 /* NativeComposerView.swift */; };
		5A10000A2C3C000100000001 /* SpeechDictation.swift in Sources */ = {isa = PBXBuildFile; fileRef = 5A10001B2C3C000100000001 /* SpeechDictation.swift */; };
		5A10000D2C3C000100000001 /* ChatImageAttachment.swift in Sources */ = {isa = PBXBuildFile; fileRef = 5A10001E2C3C000100000001 /* ChatImageAttachment.swift */; };
		5A10000E2C3C000100000001 /* SpeechKeywords.swift in Sources */ = {isa = PBXBuildFile; fileRef = 5A10001F2C3C000100000001 /* SpeechKeywords.swift */; };
		5A10000F2C3C000100000001 /* QRScannerView.swift in Sources */ = {isa = PBXBuildFile; fileRef = 5A1000212C3C000100000001 /* QRScannerView.swift */; };
		5A1000222C3C000100000001 /* CallbackBoxAppDelegate.swift in Sources */ = {isa = PBXBuildFile; fileRef = 5A1000242C3C000100000001 /* CallbackBoxAppDelegate.swift */; };
		5A1000232C3C000100000001 /* PairingURLInbox.swift in Sources */ = {isa = PBXBuildFile; fileRef = 5A1000252C3C000100000001 /* PairingURLInbox.swift */; };
		5A1000272C3C000100000001 /* SpeechAnalyzerSession.swift in Sources */ = {isa = PBXBuildFile; fileRef = 5A1000282C3C000100000001 /* SpeechAnalyzerSession.swift */; };
		5A1000292C3C000100000001 /* ComposerActionsView.swift in Sources */ = {isa = PBXBuildFile; fileRef = 5A10002A2C3C000100000001 /* ComposerActionsView.swift */; };
		5A10002B2C3C000100000001 /* CaptureModels.swift in Sources */ = {isa = PBXBuildFile; fileRef = 5A10002E2C3C000100000001 /* CaptureModels.swift */; };
		5A10002C2C3C000100000001 /* CaptureAPI.swift in Sources */ = {isa = PBXBuildFile; fileRef = 5A10002F2C3C000100000001 /* CaptureAPI.swift */; };
		5A10002D2C3C000100000001 /* CaptureStore.swift in Sources */ = {isa = PBXBuildFile; fileRef = 5A1000332C3C000100000001 /* CaptureStore.swift */; };
		5A1000342C3C000100000001 /* CaptureUploadCoordinator.swift in Sources */ = {isa = PBXBuildFile; fileRef = 5A1000352C3C000100000001 /* CaptureUploadCoordinator.swift */; };
		5A1000362C3C000100000001 /* CaptureAcquisition.swift in Sources */ = {isa = PBXBuildFile; fileRef = 5A10003A2C3C000100000001 /* CaptureAcquisition.swift */; };
		5A1000372C3C000100000001 /* NativeCaptureView.swift in Sources */ = {isa = PBXBuildFile; fileRef = 5A10003B2C3C000100000001 /* NativeCaptureView.swift */; };
		5A1000382C3C000100000001 /* NativeCaptureController.swift in Sources */ = {isa = PBXBuildFile; fileRef = 5A10003C2C3C000100000001 /* NativeCaptureController.swift */; };
		5A1001012C3C000100000001 /* SpeechKeywordsTests.swift in Sources */ = {isa = PBXBuildFile; fileRef = 5A1001112C3C000100000001 /* SpeechKeywordsTests.swift */; };
		5A1001022C3C000100000001 /* CaptureModelsTests.swift in Sources */ = {isa = PBXBuildFile; fileRef = 5A1001132C3C000100000001 /* CaptureModelsTests.swift */; };
		5A1001032C3C000100000001 /* CaptureAPITests.swift in Sources */ = {isa = PBXBuildFile; fileRef = 5A1001142C3C000100000001 /* CaptureAPITests.swift */; };
		5A1001042C3C000100000002 /* ChatWebViewRequestTests.swift in Sources */ = {isa = PBXBuildFile; fileRef = 5A1001152C3C000100000002 /* ChatWebViewRequestTests.swift */; };
		5A1001042C3C000100000001 /* CaptureStoreTests.swift in Sources */ = {isa = PBXBuildFile; fileRef = 5A1001152C3C000100000001 /* CaptureStoreTests.swift */; };
		5A1001052C3C000100000001 /* CaptureUploadCoordinatorTests.swift in Sources */ = {isa = PBXBuildFile; fileRef = 5A1001162C3C000100000001 /* CaptureUploadCoordinatorTests.swift */; };
		5A1001062C3C000100000001 /* CaptureAcquisitionTests.swift in Sources */ = {isa = PBXBuildFile; fileRef = 5A1001172C3C000100000001 /* CaptureAcquisitionTests.swift */; };
/* End PBXBuildFile section */

/* Begin PBXContainerItemProxy section */
		5A1001402C3C000100000001 /* PBXContainerItemProxy */ = {
			isa = PBXContainerItemProxy;
			containerPortal = 5A1000702C3C000100000001 /* Project object */;
			proxyType = 1;
			remoteGlobalIDString = 5A1000502C3C000100000001;
			remoteInfo = CallbackBox;
		};
/* End PBXContainerItemProxy section */

/* Begin PBXFileReference section */
		5A1000102C3C000100000001 /* CallbackBox.app */ = {isa = PBXFileReference; explicitFileType = wrapper.application; includeInIndex = 0; path = CallbackBox.app; sourceTree = BUILT_PRODUCTS_DIR; };
		5A1000112C3C000100000001 /* CallbackBoxApp.swift */ = {isa = PBXFileReference; lastKnownFileType = sourcecode.swift; path = CallbackBoxApp.swift; sourceTree = "<group>"; };
		5A1000122C3C000100000001 /* PairedBox.swift */ = {isa = PBXFileReference; lastKnownFileType = sourcecode.swift; path = PairedBox.swift; sourceTree = "<group>"; };
		5A1000132C3C000100000001 /* PairedBoxStore.swift */ = {isa = PBXFileReference; lastKnownFileType = sourcecode.swift; path = PairedBoxStore.swift; sourceTree = "<group>"; };
		5A1000142C3C000100000001 /* RootView.swift */ = {isa = PBXFileReference; lastKnownFileType = sourcecode.swift; path = RootView.swift; sourceTree = "<group>"; };
		5A1000152C3C000100000001 /* PairBoxView.swift */ = {isa = PBXFileReference; lastKnownFileType = sourcecode.swift; path = PairBoxView.swift; sourceTree = "<group>"; };
		5A1000162C3C000100000001 /* ChatWebView.swift */ = {isa = PBXFileReference; lastKnownFileType = sourcecode.swift; path = ChatWebView.swift; sourceTree = "<group>"; };
		B72000022C3C000100000001 /* NativeComposerContract.swift */ = {isa = PBXFileReference; lastKnownFileType = sourcecode.swift; path = NativeComposerContract.swift; sourceTree = "<group>"; };
		B72000122C3C000100000001 /* ComposerDraft.swift */ = {isa = PBXFileReference; lastKnownFileType = sourcecode.swift; path = ComposerDraft.swift; sourceTree = "<group>"; };
		B72000142C3C000100000001 /* ComposerDraftRepository.swift */ = {isa = PBXFileReference; lastKnownFileType = sourcecode.swift; path = ComposerDraftRepository.swift; sourceTree = "<group>"; };
		B72000162C3C000100000001 /* ComposerDraftStore.swift */ = {isa = PBXFileReference; lastKnownFileType = sourcecode.swift; path = ComposerDraftStore.swift; sourceTree = "<group>"; };
		B72000182C3C000100000001 /* ComposerDraftTests.swift */ = {isa = PBXFileReference; lastKnownFileType = sourcecode.swift; path = ComposerDraftTests.swift; sourceTree = "<group>"; };
		5A1000172C3C000100000001 /* Info.plist */ = {isa = PBXFileReference; lastKnownFileType = text.plist.xml; path = Info.plist; sourceTree = "<group>"; };
		5A1000182C3C000100000001 /* Assets.xcassets */ = {isa = PBXFileReference; lastKnownFileType = folder.assetcatalog; path = Assets.xcassets; sourceTree = "<group>"; };
		5A1000192C3C000100000001 /* ChatAPI.swift */ = {isa = PBXFileReference; lastKnownFileType = sourcecode.swift; path = ChatAPI.swift; sourceTree = "<group>"; };
		5A10001A2C3C000100000001 /* NativeComposerView.swift */ = {isa = PBXFileReference; lastKnownFileType = sourcecode.swift; path = NativeComposerView.swift; sourceTree = "<group>"; };
		5A10001B2C3C000100000001 /* SpeechDictation.swift */ = {isa = PBXFileReference; lastKnownFileType = sourcecode.swift; path = SpeechDictation.swift; sourceTree = "<group>"; };
		5A10001E2C3C000100000001 /* ChatImageAttachment.swift */ = {isa = PBXFileReference; lastKnownFileType = sourcecode.swift; path = ChatImageAttachment.swift; sourceTree = "<group>"; };
		5A10001F2C3C000100000001 /* SpeechKeywords.swift */ = {isa = PBXFileReference; lastKnownFileType = sourcecode.swift; path = SpeechKeywords.swift; sourceTree = "<group>"; };
		5A1000212C3C000100000001 /* QRScannerView.swift */ = {isa = PBXFileReference; lastKnownFileType = sourcecode.swift; path = QRScannerView.swift; sourceTree = "<group>"; };
		5A1000242C3C000100000001 /* CallbackBoxAppDelegate.swift */ = {isa = PBXFileReference; lastKnownFileType = sourcecode.swift; path = CallbackBoxAppDelegate.swift; sourceTree = "<group>"; };
		5A1000252C3C000100000001 /* PairingURLInbox.swift */ = {isa = PBXFileReference; lastKnownFileType = sourcecode.swift; path = PairingURLInbox.swift; sourceTree = "<group>"; };
		5A1000282C3C000100000001 /* SpeechAnalyzerSession.swift */ = {isa = PBXFileReference; lastKnownFileType = sourcecode.swift; path = SpeechAnalyzerSession.swift; sourceTree = "<group>"; };
		5A10002A2C3C000100000001 /* ComposerActionsView.swift */ = {isa = PBXFileReference; lastKnownFileType = sourcecode.swift; path = ComposerActionsView.swift; sourceTree = "<group>"; };
		5A10002E2C3C000100000001 /* CaptureModels.swift */ = {isa = PBXFileReference; lastKnownFileType = sourcecode.swift; path = CaptureModels.swift; sourceTree = "<group>"; };
		5A10002F2C3C000100000001 /* CaptureAPI.swift */ = {isa = PBXFileReference; lastKnownFileType = sourcecode.swift; path = CaptureAPI.swift; sourceTree = "<group>"; };
		5A1000332C3C000100000001 /* CaptureStore.swift */ = {isa = PBXFileReference; lastKnownFileType = sourcecode.swift; path = CaptureStore.swift; sourceTree = "<group>"; };
		5A1000352C3C000100000001 /* CaptureUploadCoordinator.swift */ = {isa = PBXFileReference; lastKnownFileType = sourcecode.swift; path = CaptureUploadCoordinator.swift; sourceTree = "<group>"; };
		5A10003A2C3C000100000001 /* CaptureAcquisition.swift */ = {isa = PBXFileReference; lastKnownFileType = sourcecode.swift; path = CaptureAcquisition.swift; sourceTree = "<group>"; };
		5A10003B2C3C000100000001 /* NativeCaptureView.swift */ = {isa = PBXFileReference; lastKnownFileType = sourcecode.swift; path = NativeCaptureView.swift; sourceTree = "<group>"; };
		5A10003C2C3C000100000001 /* NativeCaptureController.swift */ = {isa = PBXFileReference; lastKnownFileType = sourcecode.swift; path = NativeCaptureController.swift; sourceTree = "<group>"; };
		5A1001102C3C000100000001 /* CallbackBoxTests.xctest */ = {isa = PBXFileReference; explicitFileType = wrapper.cfbundle; includeInIndex = 0; path = CallbackBoxTests.xctest; sourceTree = BUILT_PRODUCTS_DIR; };
		5A1001112C3C000100000001 /* SpeechKeywordsTests.swift */ = {isa = PBXFileReference; lastKnownFileType = sourcecode.swift; path = SpeechKeywordsTests.swift; sourceTree = "<group>"; };
		5A1001132C3C000100000001 /* CaptureModelsTests.swift */ = {isa = PBXFileReference; lastKnownFileType = sourcecode.swift; path = CaptureModelsTests.swift; sourceTree = "<group>"; };
		5A1001142C3C000100000001 /* CaptureAPITests.swift */ = {isa = PBXFileReference; lastKnownFileType = sourcecode.swift; path = CaptureAPITests.swift; sourceTree = "<group>"; };
		5A1001152C3C000100000002 /* ChatWebViewRequestTests.swift */ = {isa = PBXFileReference; lastKnownFileType = sourcecode.swift; path = ChatWebViewRequestTests.swift; sourceTree = "<group>"; };
		5A1001152C3C000100000001 /* CaptureStoreTests.swift */ = {isa = PBXFileReference; lastKnownFileType = sourcecode.swift; path = CaptureStoreTests.swift; sourceTree = "<group>"; };
		5A1001162C3C000100000001 /* CaptureUploadCoordinatorTests.swift */ = {isa = PBXFileReference; lastKnownFileType = sourcecode.swift; path = CaptureUploadCoordinatorTests.swift; sourceTree = "<group>"; };
		5A1001172C3C000100000001 /* CaptureAcquisitionTests.swift */ = {isa = PBXFileReference; lastKnownFileType = sourcecode.swift; path = CaptureAcquisitionTests.swift; sourceTree = "<group>"; };
/* End PBXFileReference section */

/* Begin PBXFrameworksBuildPhase section */
		5A1000202C3C000100000001 /* Frameworks */ = {
			isa = PBXFrameworksBuildPhase;
			buildActionMask = 2147483647;
			files = (
			);
			runOnlyForDeploymentPostprocessing = 0;
		};
		5A1001202C3C000100000001 /* Frameworks */ = {
			isa = PBXFrameworksBuildPhase;
			buildActionMask = 2147483647;
			files = (
			);
			runOnlyForDeploymentPostprocessing = 0;
		};
/* End PBXFrameworksBuildPhase section */

/* Begin PBXGroup section */
		5A1000302C3C000100000001 = {
			isa = PBXGroup;
			children = (
				5A1000312C3C000100000001 /* CallbackBox */,
				5A1001122C3C000100000001 /* CallbackBoxTests */,
				5A1000322C3C000100000001 /* Products */,
			);
			sourceTree = "<group>";
		};
		5A1000312C3C000100000001 /* CallbackBox */ = {
			isa = PBXGroup;
			children = (
				5A1000112C3C000100000001 /* CallbackBoxApp.swift */,
				5A1000242C3C000100000001 /* CallbackBoxAppDelegate.swift */,
				5A1000402C3C000100000001 /* Models */,
				5A1000412C3C000100000001 /* Storage */,
				5A1000432C3C000100000001 /* Services */,
				5A1000422C3C000100000001 /* Views */,
				5A1000182C3C000100000001 /* Assets.xcassets */,
				5A1000172C3C000100000001 /* Info.plist */,
			);
			path = CallbackBox;
			sourceTree = "<group>";
		};
		5A1000322C3C000100000001 /* Products */ = {
			isa = PBXGroup;
			children = (
				5A1000102C3C000100000001 /* CallbackBox.app */,
				5A1001102C3C000100000001 /* CallbackBoxTests.xctest */,
			);
			name = Products;
			sourceTree = "<group>";
		};
		5A1000402C3C000100000001 /* Models */ = {
			isa = PBXGroup;
			children = (
				5A1000122C3C000100000001 /* PairedBox.swift */,
				5A10001E2C3C000100000001 /* ChatImageAttachment.swift */,
				B72000022C3C000100000001 /* NativeComposerContract.swift */,
				B72000122C3C000100000001 /* ComposerDraft.swift */,
				5A10002E2C3C000100000001 /* CaptureModels.swift */,
			);
			path = Models;
			sourceTree = "<group>";
		};
		5A1000412C3C000100000001 /* Storage */ = {
			isa = PBXGroup;
			children = (
				5A1000132C3C000100000001 /* PairedBoxStore.swift */,
				5A1000332C3C000100000001 /* CaptureStore.swift */,
				B72000142C3C000100000001 /* ComposerDraftRepository.swift */,
				B72000162C3C000100000001 /* ComposerDraftStore.swift */,
			);
			path = Storage;
			sourceTree = "<group>";
		};
		5A1000422C3C000100000001 /* Views */ = {
			isa = PBXGroup;
			children = (
				5A1000142C3C000100000001 /* RootView.swift */,
				5A1000152C3C000100000001 /* PairBoxView.swift */,
				5A1000162C3C000100000001 /* ChatWebView.swift */,
				5A10001A2C3C000100000001 /* NativeComposerView.swift */,
				5A10002A2C3C000100000001 /* ComposerActionsView.swift */,
				5A1000212C3C000100000001 /* QRScannerView.swift */,
				5A10003B2C3C000100000001 /* NativeCaptureView.swift */,
				5A10003C2C3C000100000001 /* NativeCaptureController.swift */,
			);
			path = Views;
			sourceTree = "<group>";
		};
		5A1000432C3C000100000001 /* Services */ = {
			isa = PBXGroup;
			children = (
				5A1000192C3C000100000001 /* ChatAPI.swift */,
				5A10001B2C3C000100000001 /* SpeechDictation.swift */,
				5A1000282C3C000100000001 /* SpeechAnalyzerSession.swift */,
				5A10001F2C3C000100000001 /* SpeechKeywords.swift */,
				5A1000252C3C000100000001 /* PairingURLInbox.swift */,
				5A10002F2C3C000100000001 /* CaptureAPI.swift */,
				5A1000352C3C000100000001 /* CaptureUploadCoordinator.swift */,
				5A10003A2C3C000100000001 /* CaptureAcquisition.swift */,
			);
			path = Services;
			sourceTree = "<group>";
		};
		5A1001122C3C000100000001 /* CallbackBoxTests */ = {
			isa = PBXGroup;
			children = (
				5A1001112C3C000100000001 /* SpeechKeywordsTests.swift */,
				5A1001132C3C000100000001 /* CaptureModelsTests.swift */,
				5A1001142C3C000100000001 /* CaptureAPITests.swift */,
				5A1001152C3C000100000002 /* ChatWebViewRequestTests.swift */,
				5A1001152C3C000100000001 /* CaptureStoreTests.swift */,
				5A1001162C3C000100000001 /* CaptureUploadCoordinatorTests.swift */,
				5A1001172C3C000100000001 /* CaptureAcquisitionTests.swift */,
				B72000182C3C000100000001 /* ComposerDraftTests.swift */,
			);
			path = CallbackBoxTests;
			sourceTree = "<group>";
		};
/* End PBXGroup section */

/* Begin PBXNativeTarget section */
		5A1000502C3C000100000001 /* CallbackBox */ = {
			isa = PBXNativeTarget;
			buildConfigurationList = 5A1000802C3C000100000001 /* Build configuration list for PBXNativeTarget "CallbackBox" */;
			buildPhases = (
				5A1000602C3C000100000001 /* Sources */,
				5A1000202C3C000100000001 /* Frameworks */,
				5A1000612C3C000100000001 /* Resources */,
			);
			buildRules = (
			);
			dependencies = (
			);
			name = CallbackBox;
			productName = CallbackBox;
			productReference = 5A1000102C3C000100000001 /* CallbackBox.app */;
			productType = "com.apple.product-type.application";
		};
		5A1001502C3C000100000001 /* CallbackBoxTests */ = {
			isa = PBXNativeTarget;
			buildConfigurationList = 5A1001802C3C000100000001 /* Build configuration list for PBXNativeTarget "CallbackBoxTests" */;
			buildPhases = (
				5A1001602C3C000100000001 /* Sources */,
				5A1001202C3C000100000001 /* Frameworks */,
				5A1001612C3C000100000001 /* Resources */,
			);
			buildRules = (
			);
			dependencies = (
				5A1001412C3C000100000001 /* PBXTargetDependency */,
			);
			name = CallbackBoxTests;
			productName = CallbackBoxTests;
			productReference = 5A1001102C3C000100000001 /* CallbackBoxTests.xctest */;
			productType = "com.apple.product-type.bundle.unit-test";
		};
/* End PBXNativeTarget section */

/* Begin PBXProject section */
		5A1000702C3C000100000001 /* Project object */ = {
			isa = PBXProject;
			attributes = {
				BuildIndependentTargetsInParallel = 1;
				LastSwiftUpdateCheck = 1600;
				LastUpgradeCheck = 1600;
				TargetAttributes = {
					5A1000502C3C000100000001 = {
						CreatedOnToolsVersion = 16.0;
					};
					5A1001502C3C000100000001 = {
						CreatedOnToolsVersion = 16.0;
						TestTargetID = 5A1000502C3C000100000001;
					};
				};
			};
			buildConfigurationList = 5A1000712C3C000100000001 /* Build configuration list for PBXProject "CallbackBox" */;
			compatibilityVersion = "Xcode 14.0";
			developmentRegion = en;
			hasScannedForEncodings = 0;
			knownRegions = (
				en,
				Base,
			);
			mainGroup = 5A1000302C3C000100000001;
			productRefGroup = 5A1000322C3C000100000001 /* Products */;
			projectDirPath = "";
			projectRoot = "";
			targets = (
				5A1000502C3C000100000001 /* CallbackBox */,
				5A1001502C3C000100000001 /* CallbackBoxTests */,
			);
		};
/* End PBXProject section */

/* Begin PBXResourcesBuildPhase section */
		5A1000612C3C000100000001 /* Resources */ = {
			isa = PBXResourcesBuildPhase;
			buildActionMask = 2147483647;
			files = (
				5A1000072C3C000100000001 /* Assets.xcassets in Resources */,
			);
			runOnlyForDeploymentPostprocessing = 0;
		};
		5A1001612C3C000100000001 /* Resources */ = {
			isa = PBXResourcesBuildPhase;
			buildActionMask = 2147483647;
			files = (
			);
			runOnlyForDeploymentPostprocessing = 0;
		};
/* End PBXResourcesBuildPhase section */

/* Begin PBXSourcesBuildPhase section */
		5A1000602C3C000100000001 /* Sources */ = {
			isa = PBXSourcesBuildPhase;
			buildActionMask = 2147483647;
			files = (
				5A1000012C3C000100000001 /* CallbackBoxApp.swift in Sources */,
				5A1000022C3C000100000001 /* PairedBox.swift in Sources */,
				5A1000032C3C000100000001 /* PairedBoxStore.swift in Sources */,
				5A1000042C3C000100000001 /* RootView.swift in Sources */,
				5A1000052C3C000100000001 /* PairBoxView.swift in Sources */,
				5A1000062C3C000100000001 /* ChatWebView.swift in Sources */,
				B72000012C3C000100000001 /* NativeComposerContract.swift in Sources */,
				B72000112C3C000100000001 /* ComposerDraft.swift in Sources */,
				B72000132C3C000100000001 /* ComposerDraftRepository.swift in Sources */,
				B72000152C3C000100000001 /* ComposerDraftStore.swift in Sources */,
				5A1000082C3C000100000001 /* ChatAPI.swift in Sources */,
				5A1000092C3C000100000001 /* NativeComposerView.swift in Sources */,
				5A10000A2C3C000100000001 /* SpeechDictation.swift in Sources */,
				5A10000D2C3C000100000001 /* ChatImageAttachment.swift in Sources */,
				5A10000E2C3C000100000001 /* SpeechKeywords.swift in Sources */,
				5A10000F2C3C000100000001 /* QRScannerView.swift in Sources */,
				5A1000222C3C000100000001 /* CallbackBoxAppDelegate.swift in Sources */,
				5A1000232C3C000100000001 /* PairingURLInbox.swift in Sources */,
				5A1000272C3C000100000001 /* SpeechAnalyzerSession.swift in Sources */,
				5A1000292C3C000100000001 /* ComposerActionsView.swift in Sources */,
				5A10002B2C3C000100000001 /* CaptureModels.swift in Sources */,
				5A10002C2C3C000100000001 /* CaptureAPI.swift in Sources */,
				5A10002D2C3C000100000001 /* CaptureStore.swift in Sources */,
				5A1000342C3C000100000001 /* CaptureUploadCoordinator.swift in Sources */,
				5A1000362C3C000100000001 /* CaptureAcquisition.swift in Sources */,
				5A1000372C3C000100000001 /* NativeCaptureView.swift in Sources */,
				5A1000382C3C000100000001 /* NativeCaptureController.swift in Sources */,
			);
			runOnlyForDeploymentPostprocessing = 0;
		};
		5A1001602C3C000100000001 /* Sources */ = {
			isa = PBXSourcesBuildPhase;
			buildActionMask = 2147483647;
			files = (
				5A1001012C3C000100000001 /* SpeechKeywordsTests.swift in Sources */,
				5A1001022C3C000100000001 /* CaptureModelsTests.swift in Sources */,
				5A1001032C3C000100000001 /* CaptureAPITests.swift in Sources */,
				5A1001042C3C000100000002 /* ChatWebViewRequestTests.swift in Sources */,
				5A1001042C3C000100000001 /* CaptureStoreTests.swift in Sources */,
				5A1001052C3C000100000001 /* CaptureUploadCoordinatorTests.swift in Sources */,
				5A1001062C3C000100000001 /* CaptureAcquisitionTests.swift in Sources */,
				B72000172C3C000100000001 /* ComposerDraftTests.swift in Sources */,
			);
			runOnlyForDeploymentPostprocessing = 0;
		};
/* End PBXSourcesBuildPhase section */

/* Begin PBXTargetDependency section */
		5A1001412C3C000100000001 /* PBXTargetDependency */ = {
			isa = PBXTargetDependency;
			target = 5A1000502C3C000100000001 /* CallbackBox */;
			targetProxy = 5A1001402C3C000100000001 /* PBXContainerItemProxy */;
		};
/* End PBXTargetDependency section */

/* Begin XCBuildConfiguration section */
		5A1000722C3C000100000001 /* Debug */ = {
			isa = XCBuildConfiguration;
			buildSettings = {
				ALWAYS_SEARCH_USER_PATHS = NO;
				CLANG_ANALYZER_NONNULL = YES;
				CLANG_ANALYZER_NUMBER_OBJECT_CONVERSION = YES_AGGRESSIVE;
				CLANG_CXX_LANGUAGE_STANDARD = "gnu++20";
				CLANG_ENABLE_MODULES = YES;
				CLANG_ENABLE_OBJC_ARC = YES;
				CLANG_ENABLE_OBJC_WEAK = YES;
				CLANG_WARN_BLOCK_CAPTURE_AUTORELEASING = YES;
				CLANG_WARN_BOOL_CONVERSION = YES;
				CLANG_WARN_COMMA = YES;
				CLANG_WARN_CONSTANT_CONVERSION = YES;
				CLANG_WARN_DEPRECATED_OBJC_IMPLEMENTATIONS = YES;
				CLANG_WARN_DIRECT_OBJC_ISA_USAGE = YES_ERROR;
				CLANG_WARN_DOCUMENTATION_COMMENTS = YES;
				CLANG_WARN_EMPTY_BODY = YES;
				CLANG_WARN_ENUM_CONVERSION = YES;
				CLANG_WARN_INFINITE_RECURSION = YES;
				CLANG_WARN_INT_CONVERSION = YES;
				CLANG_WARN_NON_LITERAL_NULL_CONVERSION = YES;
				CLANG_WARN_OBJC_IMPLICIT_RETAIN_SELF = YES;
				CLANG_WARN_OBJC_LITERAL_CONVERSION = YES;
				CLANG_WARN_OBJC_ROOT_CLASS = YES_ERROR;
				CLANG_WARN_QUOTED_INCLUDE_IN_FRAMEWORK_HEADER = YES;
				CLANG_WARN_RANGE_LOOP_ANALYSIS = YES;
				CLANG_WARN_STRICT_PROTOTYPES = YES;
				CLANG_WARN_SUSPICIOUS_MOVE = YES;
				CLANG_WARN_UNGUARDED_AVAILABILITY = YES_AGGRESSIVE;
				CLANG_WARN_UNREACHABLE_CODE = YES;
				CLANG_WARN__DUPLICATE_METHOD_MATCH = YES;
				COPY_PHASE_STRIP = NO;
				DEBUG_INFORMATION_FORMAT = dwarf;
				ENABLE_STRICT_OBJC_MSGSEND = YES;
				ENABLE_TESTABILITY = YES;
				ENABLE_USER_SCRIPT_SANDBOXING = YES;
				GCC_C_LANGUAGE_STANDARD = gnu17;
				GCC_DYNAMIC_NO_PIC = NO;
				GCC_NO_COMMON_BLOCKS = YES;
				GCC_OPTIMIZATION_LEVEL = 0;
				GCC_PREPROCESSOR_DEFINITIONS = (
					"DEBUG=1",
					"$(inherited)",
				);
				GCC_WARN_64_TO_32_BIT_CONVERSION = YES;
				GCC_WARN_ABOUT_RETURN_TYPE = YES_ERROR;
				GCC_WARN_UNDECLARED_SELECTOR = YES;
				GCC_WARN_UNINITIALIZED_AUTOS = YES_AGGRESSIVE;
				GCC_WARN_UNUSED_FUNCTION = YES;
				GCC_WARN_UNUSED_VARIABLE = YES;
				IPHONEOS_DEPLOYMENT_TARGET = 17.0;
				MTL_ENABLE_DEBUG_INFO = INCLUDE_SOURCE;
				MTL_FAST_MATH = YES;
				ONLY_ACTIVE_ARCH = YES;
				SDKROOT = iphoneos;
				SWIFT_ACTIVE_COMPILATION_CONDITIONS = DEBUG;
				SWIFT_OPTIMIZATION_LEVEL = "-Onone";
			};
			name = Debug;
		};
		5A1000732C3C000100000001 /* Release */ = {
			isa = XCBuildConfiguration;
			buildSettings = {
				ALWAYS_SEARCH_USER_PATHS = NO;
				CLANG_ANALYZER_NONNULL = YES;
				CLANG_ANALYZER_NUMBER_OBJECT_CONVERSION = YES_AGGRESSIVE;
				CLANG_CXX_LANGUAGE_STANDARD = "gnu++20";
				CLANG_ENABLE_MODULES = YES;
				CLANG_ENABLE_OBJC_ARC = YES;
				CLANG_ENABLE_OBJC_WEAK = YES;
				CLANG_WARN_BLOCK_CAPTURE_AUTORELEASING = YES;
				CLANG_WARN_BOOL_CONVERSION = YES;
				CLANG_WARN_COMMA = YES;
				CLANG_WARN_CONSTANT_CONVERSION = YES;
				CLANG_WARN_DEPRECATED_OBJC_IMPLEMENTATIONS = YES;
				CLANG_WARN_DIRECT_OBJC_ISA_USAGE = YES_ERROR;
				CLANG_WARN_DOCUMENTATION_COMMENTS = YES;
				CLANG_WARN_EMPTY_BODY = YES;
				CLANG_WARN_ENUM_CONVERSION = YES;
				CLANG_WARN_INFINITE_RECURSION = YES;
				CLANG_WARN_INT_CONVERSION = YES;
				CLANG_WARN_NON_LITERAL_NULL_CONVERSION = YES;
				CLANG_WARN_OBJC_IMPLICIT_RETAIN_SELF = YES;
				CLANG_WARN_OBJC_LITERAL_CONVERSION = YES;
				CLANG_WARN_OBJC_ROOT_CLASS = YES_ERROR;
				CLANG_WARN_QUOTED_INCLUDE_IN_FRAMEWORK_HEADER = YES;
				CLANG_WARN_RANGE_LOOP_ANALYSIS = YES;
				CLANG_WARN_STRICT_PROTOTYPES = YES;
				CLANG_WARN_SUSPICIOUS_MOVE = YES;
				CLANG_WARN_UNGUARDED_AVAILABILITY = YES_AGGRESSIVE;
				CLANG_WARN_UNREACHABLE_CODE = YES;
				CLANG_WARN__DUPLICATE_METHOD_MATCH = YES;
				COPY_PHASE_STRIP = NO;
				DEBUG_INFORMATION_FORMAT = "dwarf-with-dsym";
				ENABLE_NS_ASSERTIONS = NO;
				ENABLE_STRICT_OBJC_MSGSEND = YES;
				ENABLE_USER_SCRIPT_SANDBOXING = YES;
				GCC_C_LANGUAGE_STANDARD = gnu17;
				GCC_NO_COMMON_BLOCKS = YES;
				GCC_WARN_64_TO_32_BIT_CONVERSION = YES;
				GCC_WARN_ABOUT_RETURN_TYPE = YES_ERROR;
				GCC_WARN_UNDECLARED_SELECTOR = YES;
				GCC_WARN_UNINITIALIZED_AUTOS = YES_AGGRESSIVE;
				GCC_WARN_UNUSED_FUNCTION = YES;
				GCC_WARN_UNUSED_VARIABLE = YES;
				IPHONEOS_DEPLOYMENT_TARGET = 17.0;
				MTL_ENABLE_DEBUG_INFO = NO;
				MTL_FAST_MATH = YES;
				SDKROOT = iphoneos;
				SWIFT_COMPILATION_MODE = wholemodule;
				SWIFT_OPTIMIZATION_LEVEL = "-O";
				VALIDATE_PRODUCT = YES;
			};
			name = Release;
		};
		5A1000812C3C000100000001 /* Debug */ = {
			isa = XCBuildConfiguration;
			buildSettings = {
				ASSETCATALOG_COMPILER_APPICON_NAME = AppIcon;
				ASSETCATALOG_COMPILER_GLOBAL_ACCENT_COLOR_NAME = AccentColor;
				CODE_SIGN_STYLE = Automatic;
				CURRENT_PROJECT_VERSION = 1;
				DEVELOPMENT_ASSET_PATHS = "";
				DEVELOPMENT_TEAM = 44AJ3D25ZD;
				GENERATE_INFOPLIST_FILE = NO;
				INFOPLIST_FILE = CallbackBox/Info.plist;
				INFOPLIST_KEY_UIApplicationSceneManifest_Generation = YES;
				INFOPLIST_KEY_UIApplicationSupportsIndirectInputEvents = YES;
				INFOPLIST_KEY_UILaunchScreen_Generation = YES;
				IPHONEOS_DEPLOYMENT_TARGET = 17.0;
				LD_RUNPATH_SEARCH_PATHS = (
					"$(inherited)",
					"@executable_path/Frameworks",
				);
				MARKETING_VERSION = 0.1;
				PRODUCT_BUNDLE_IDENTIFIER = app.callbackbox.ios;
				PRODUCT_NAME = "$(TARGET_NAME)";
				SUPPORTED_PLATFORMS = "iphoneos iphonesimulator";
				SWIFT_EMIT_LOC_STRINGS = YES;
				SWIFT_VERSION = 5.0;
				TARGETED_DEVICE_FAMILY = "1,2";
			};
			name = Debug;
		};
		5A1000822C3C000100000001 /* Release */ = {
			isa = XCBuildConfiguration;
			buildSettings = {
				ASSETCATALOG_COMPILER_APPICON_NAME = AppIcon;
				ASSETCATALOG_COMPILER_GLOBAL_ACCENT_COLOR_NAME = AccentColor;
				CODE_SIGN_STYLE = Automatic;
				CURRENT_PROJECT_VERSION = 1;
				DEVELOPMENT_ASSET_PATHS = "";
				DEVELOPMENT_TEAM = 44AJ3D25ZD;
				GENERATE_INFOPLIST_FILE = NO;
				INFOPLIST_FILE = CallbackBox/Info.plist;
				INFOPLIST_KEY_UIApplicationSceneManifest_Generation = YES;
				INFOPLIST_KEY_UIApplicationSupportsIndirectInputEvents = YES;
				INFOPLIST_KEY_UILaunchScreen_Generation = YES;
				IPHONEOS_DEPLOYMENT_TARGET = 17.0;
				LD_RUNPATH_SEARCH_PATHS = (
					"$(inherited)",
					"@executable_path/Frameworks",
				);
				MARKETING_VERSION = 0.1;
				PRODUCT_BUNDLE_IDENTIFIER = app.callbackbox.ios;
				PRODUCT_NAME = "$(TARGET_NAME)";
				SUPPORTED_PLATFORMS = "iphoneos iphonesimulator";
				SWIFT_EMIT_LOC_STRINGS = YES;
				SWIFT_VERSION = 5.0;
				TARGETED_DEVICE_FAMILY = "1,2";
			};
			name = Release;
		};
		5A1001812C3C000100000001 /* Debug */ = {
			isa = XCBuildConfiguration;
			buildSettings = {
				BUNDLE_LOADER = "$(TEST_HOST)";
				CODE_SIGN_STYLE = Automatic;
				CURRENT_PROJECT_VERSION = 1;
				DEVELOPMENT_TEAM = "";
				GENERATE_INFOPLIST_FILE = YES;
				IPHONEOS_DEPLOYMENT_TARGET = 17.0;
				LD_RUNPATH_SEARCH_PATHS = (
					"$(inherited)",
					"@executable_path/Frameworks",
					"@loader_path/Frameworks",
				);
				MARKETING_VERSION = 0.1;
				PRODUCT_BUNDLE_IDENTIFIER = app.callbackbox.ios.tests;
				PRODUCT_NAME = "$(TARGET_NAME)";
				SUPPORTED_PLATFORMS = "iphoneos iphonesimulator";
				SWIFT_EMIT_LOC_STRINGS = NO;
				SWIFT_VERSION = 5.0;
				TARGETED_DEVICE_FAMILY = "1,2";
				TEST_HOST = "$(BUILT_PRODUCTS_DIR)/CallbackBox.app/$(BUNDLE_EXECUTABLE_FOLDER_PATH)/CallbackBox";
			};
			name = Debug;
		};
		5A1001822C3C000100000001 /* Release */ = {
			isa = XCBuildConfiguration;
			buildSettings = {
				BUNDLE_LOADER = "$(TEST_HOST)";
				CODE_SIGN_STYLE = Automatic;
				CURRENT_PROJECT_VERSION = 1;
				DEVELOPMENT_TEAM = "";
				GENERATE_INFOPLIST_FILE = YES;
				IPHONEOS_DEPLOYMENT_TARGET = 17.0;
				LD_RUNPATH_SEARCH_PATHS = (
					"$(inherited)",
					"@executable_path/Frameworks",
					"@loader_path/Frameworks",
				);
				MARKETING_VERSION = 0.1;
				PRODUCT_BUNDLE_IDENTIFIER = app.callbackbox.ios.tests;
				PRODUCT_NAME = "$(TARGET_NAME)";
				SUPPORTED_PLATFORMS = "iphoneos iphonesimulator";
				SWIFT_EMIT_LOC_STRINGS = NO;
				SWIFT_VERSION = 5.0;
				TARGETED_DEVICE_FAMILY = "1,2";
				TEST_HOST = "$(BUILT_PRODUCTS_DIR)/CallbackBox.app/$(BUNDLE_EXECUTABLE_FOLDER_PATH)/CallbackBox";
			};
			name = Release;
		};
/* End XCBuildConfiguration section */

/* Begin XCConfigurationList section */
		5A1000712C3C000100000001 /* Build configuration list for PBXProject "CallbackBox" */ = {
			isa = XCConfigurationList;
			buildConfigurations = (
				5A1000722C3C000100000001 /* Debug */,
				5A1000732C3C000100000001 /* Release */,
			);
			defaultConfigurationIsVisible = 0;
			defaultConfigurationName = Release;
		};
		5A1000802C3C000100000001 /* Build configuration list for PBXNativeTarget "CallbackBox" */ = {
			isa = XCConfigurationList;
			buildConfigurations = (
				5A1000812C3C000100000001 /* Debug */,
				5A1000822C3C000100000001 /* Release */,
			);
			defaultConfigurationIsVisible = 0;
			defaultConfigurationName = Release;
		};
		5A1001802C3C000100000001 /* Build configuration list for PBXNativeTarget "CallbackBoxTests" */ = {
			isa = XCConfigurationList;
			buildConfigurations = (
				5A1001812C3C000100000001 /* Debug */,
				5A1001822C3C000100000001 /* Release */,
			);
			defaultConfigurationIsVisible = 0;
			defaultConfigurationName = Release;
		};
/* End XCConfigurationList section */
	};
	rootObject = 5A1000702C3C000100000001 /* Project object */;
}
